PODS:
  - Alamofire (4.7.3)
  - HandyJSON (4.2.0)
  - Preferences (0.2.0)
  - Sparkle (1.20.0)
  - SwiftyJSON (4.2.0)

DEPENDENCIES:
  - Alamofire
  - HandyJSON (~> 4.2.0)
  - Preferences
  - Sparkle
  - SwiftyJSON

SPEC REPOS:
  https://github.com/cocoapods/specs.git:
    - Alamofire
    - HandyJSON
    - Preferences
    - Sparkle
    - SwiftyJSON

SPEC CHECKSUMS:
  Alamofire: c7287b6e5d7da964a70935e5db17046b7fde6568
  HandyJSON: 9dfc026c7d7adc1f0f8ba8b181495f0e0763b0f4
  Preferences: ebc036a176a298cde835155c73251173768a2f8d
  Sparkle: 48999e7ee032f05ca05e28451eadf4af8ede6b44
  SwiftyJSON: c4bcba26dd9ec7a027fc8eade48e2c911f229e96

PODFILE CHECKSUM: e231f8282ebe94d7676ecf624b854cfcf6703d8e

COCOAPODS: 1.6.0.beta.1
