// !$*UTF8*$!
{
	archiveVersion = 1;
	classes = {
	};
	objectVersion = 50;
	objects = {

/* Begin PBXBuildFile section */
		660D0E5A216E0158000C2922 /* Server.swift in Sources */ = {isa = PBXBuildFile; fileRef = 660D0E59216E0158000C2922 /* Server.swift */; };
		6612ACC0216DB6DC00A8BF83 /* Config.xib in Resources */ = {isa = PBXBuildFile; fileRef = 6612ACBF216DB6DC00A8BF83 /* Config.xib */; };
		664EB375216C9A5E00B6AE0D /* AppDelegate.swift in Sources */ = {isa = PBXBuildFile; fileRef = 664EB374216C9A5E00B6AE0D /* AppDelegate.swift */; };
		664EB377216C9A5F00B6AE0D /* Assets.xcassets in Resources */ = {isa = PBXBuildFile; fileRef = 664EB376216C9A5F00B6AE0D /* Assets.xcassets */; };
		664EB37A216C9A5F00B6AE0D /* Menu.xib in Resources */ = {isa = PBXBuildFile; fileRef = 664EB378216C9A5F00B6AE0D /* Menu.xib */; };
		664EB392216CA9E800B6AE0D /* Config.swift in Sources */ = {isa = PBXBuildFile; fileRef = 664EB390216CA9E800B6AE0D /* Config.swift */; };
		664EB396216CB48400B6AE0D /* About.swift in Sources */ = {isa = PBXBuildFile; fileRef = 664EB394216CB48400B6AE0D /* About.swift */; };
		664EB397216CB48400B6AE0D /* About.xib in Resources */ = {isa = PBXBuildFile; fileRef = 664EB395216CB48400B6AE0D /* About.xib */; };
/* End PBXBuildFile section */

/* Begin PBXFileReference section */
		660D0E59216E0158000C2922 /* Server.swift */ = {isa = PBXFileReference; lastKnownFileType = sourcecode.swift; path = Server.swift; sourceTree = "<group>"; };
		6612ACBF216DB6DC00A8BF83 /* Config.xib */ = {isa = PBXFileReference; fileEncoding = 4; lastKnownFileType = file.xib; path = Config.xib; sourceTree = "<group>"; };
		664EB371216C9A5E00B6AE0D /* V2rayU.app */ = {isa = PBXFileReference; explicitFileType = wrapper.application; includeInIndex = 0; path = V2rayU.app; sourceTree = BUILT_PRODUCTS_DIR; };
		664EB374216C9A5E00B6AE0D /* AppDelegate.swift */ = {isa = PBXFileReference; lastKnownFileType = sourcecode.swift; path = AppDelegate.swift; sourceTree = "<group>"; };
		664EB376216C9A5F00B6AE0D /* Assets.xcassets */ = {isa = PBXFileReference; lastKnownFileType = folder.assetcatalog; path = Assets.xcassets; sourceTree = "<group>"; };
		664EB379216C9A5F00B6AE0D /* Base */ = {isa = PBXFileReference; lastKnownFileType = file.xib; name = Base; path = Base.lproj/Menu.xib; sourceTree = "<group>"; };
		664EB37B216C9A5F00B6AE0D /* Info.plist */ = {isa = PBXFileReference; lastKnownFileType = text.plist.xml; path = Info.plist; sourceTree = "<group>"; };
		664EB37C216C9A5F00B6AE0D /* V2rayU.entitlements */ = {isa = PBXFileReference; lastKnownFileType = text.plist.entitlements; path = V2rayU.entitlements; sourceTree = "<group>"; };
		664EB390216CA9E800B6AE0D /* Config.swift */ = {isa = PBXFileReference; lastKnownFileType = sourcecode.swift; path = Config.swift; sourceTree = "<group>"; };
		664EB394216CB48400B6AE0D /* About.swift */ = {isa = PBXFileReference; lastKnownFileType = sourcecode.swift; path = About.swift; sourceTree = "<group>"; };
		664EB395216CB48400B6AE0D /* About.xib */ = {isa = PBXFileReference; lastKnownFileType = file.xib; path = About.xib; sourceTree = "<group>"; };
/* End PBXFileReference section */

/* Begin PBXFrameworksBuildPhase section */
		664EB36E216C9A5E00B6AE0D /* Frameworks */ = {
			isa = PBXFrameworksBuildPhase;
			buildActionMask = 2147483647;
			files = (
			);
			runOnlyForDeploymentPostprocessing = 0;
		};
/* End PBXFrameworksBuildPhase section */

/* Begin PBXGroup section */
		664EB368216C9A5E00B6AE0D = {
			isa = PBXGroup;
			children = (
				664EB373216C9A5E00B6AE0D /* V2rayU */,
				664EB372216C9A5E00B6AE0D /* Products */,
			);
			sourceTree = "<group>";
		};
		664EB372216C9A5E00B6AE0D /* Products */ = {
			isa = PBXGroup;
			children = (
				664EB371216C9A5E00B6AE0D /* V2rayU.app */,
			);
			name = Products;
			sourceTree = "<group>";
		};
		664EB373216C9A5E00B6AE0D /* V2rayU */ = {
			isa = PBXGroup;
			children = (
				660D0E59216E0158000C2922 /* Server.swift */,
				664EB390216CA9E800B6AE0D /* Config.swift */,
				6612ACBF216DB6DC00A8BF83 /* Config.xib */,
				664EB374216C9A5E00B6AE0D /* AppDelegate.swift */,
				664EB376216C9A5F00B6AE0D /* Assets.xcassets */,
				664EB378216C9A5F00B6AE0D /* Menu.xib */,
				664EB37B216C9A5F00B6AE0D /* Info.plist */,
				664EB37C216C9A5F00B6AE0D /* V2rayU.entitlements */,
				664EB394216CB48400B6AE0D /* About.swift */,
				664EB395216CB48400B6AE0D /* About.xib */,
			);
			path = V2rayU;
			sourceTree = "<group>";
		};
/* End PBXGroup section */

/* Begin PBXNativeTarget section */
		664EB370216C9A5E00B6AE0D /* V2rayU */ = {
			isa = PBXNativeTarget;
			buildConfigurationList = 664EB37F216C9A5F00B6AE0D /* Build configuration list for PBXNativeTarget "V2rayU" */;
			buildPhases = (
				664EB36D216C9A5E00B6AE0D /* Sources */,
				664EB36E216C9A5E00B6AE0D /* Frameworks */,
				664EB36F216C9A5E00B6AE0D /* Resources */,
			);
			buildRules = (
			);
			dependencies = (
			);
			name = V2rayU;
			productName = V2rayU;
			productReference = 664EB371216C9A5E00B6AE0D /* V2rayU.app */;
			productType = "com.apple.product-type.application";
		};
/* End PBXNativeTarget section */

/* Begin PBXProject section */
		664EB369216C9A5E00B6AE0D /* Project object */ = {
			isa = PBXProject;
			attributes = {
				LastSwiftUpdateCheck = 1000;
				LastUpgradeCheck = 1000;
				ORGANIZATIONNAME = yanue;
				TargetAttributes = {
					664EB370216C9A5E00B6AE0D = {
						CreatedOnToolsVersion = 10.0;
					};
				};
			};
			buildConfigurationList = 664EB36C216C9A5E00B6AE0D /* Build configuration list for PBXProject "V2rayU" */;
			compatibilityVersion = "Xcode 9.3";
			developmentRegion = en;
			hasScannedForEncodings = 0;
			knownRegions = (
				en,
				Base,
			);
			mainGroup = 664EB368216C9A5E00B6AE0D;
			productRefGroup = 664EB372216C9A5E00B6AE0D /* Products */;
			projectDirPath = "";
			projectRoot = "";
			targets = (
				664EB370216C9A5E00B6AE0D /* V2rayU */,
			);
		};
/* End PBXProject section */

/* Begin PBXResourcesBuildPhase section */
		664EB36F216C9A5E00B6AE0D /* Resources */ = {
			isa = PBXResourcesBuildPhase;
			buildActionMask = 2147483647;
			files = (
				664EB397216CB48400B6AE0D /* About.xib in Resources */,
				6612ACC0216DB6DC00A8BF83 /* Config.xib in Resources */,
				664EB377216C9A5F00B6AE0D /* Assets.xcassets in Resources */,
				664EB37A216C9A5F00B6AE0D /* Menu.xib in Resources */,
			);
			runOnlyForDeploymentPostprocessing = 0;
		};
/* End PBXResourcesBuildPhase section */

/* Begin PBXSourcesBuildPhase section */
		664EB36D216C9A5E00B6AE0D /* Sources */ = {
			isa = PBXSourcesBuildPhase;
			buildActionMask = 2147483647;
			files = (
				664EB375216C9A5E00B6AE0D /* AppDelegate.swift in Sources */,
				664EB396216CB48400B6AE0D /* About.swift in Sources */,
				660D0E5A216E0158000C2922 /* Server.swift in Sources */,
				664EB392216CA9E800B6AE0D /* Config.swift in Sources */,
			);
			runOnlyForDeploymentPostprocessing = 0;
		};
/* End PBXSourcesBuildPhase section */

/* Begin PBXVariantGroup section */
		664EB378216C9A5F00B6AE0D /* Menu.xib */ = {
			isa = PBXVariantGroup;
			children = (
				664EB379216C9A5F00B6AE0D /* Base */,
			);
			name = Menu.xib;
			sourceTree = "<group>";
		};
/* End PBXVariantGroup section */

/* Begin XCBuildConfiguration section */
		664EB37D216C9A5F00B6AE0D /* Debug */ = {
			isa = XCBuildConfiguration;
			buildSettings = {
				ALWAYS_SEARCH_USER_PATHS = NO;
				CLANG_ANALYZER_NONNULL = YES;
				CLANG_ANALYZER_NUMBER_OBJECT_CONVERSION = YES_AGGRESSIVE;
				CLANG_CXX_LANGUAGE_STANDARD = "gnu++14";
				CLANG_CXX_LIBRARY = "libc++";
				CLANG_ENABLE_MODULES = YES;
				CLANG_ENABLE_OBJC_ARC = YES;
				CLANG_ENABLE_OBJC_WEAK = YES;
				CLANG_WARN_BLOCK_CAPTURE_AUTORELEASING = YES;
				CLANG_WARN_BOOL_CONVERSION = YES;
				CLANG_WARN_COMMA = YES;
				CLANG_WARN_CONSTANT_CONVERSION = YES;
				CLANG_WARN_DEPRECATED_OBJC_IMPLEMENTATIONS = YES;
				CLANG_WARN_DIRECT_OBJC_ISA_USAGE = YES_ERROR;
				CLANG_WARN_DOCUMENTATION_COMMENTS = YES;
				CLANG_WARN_EMPTY_BODY = YES;
				CLANG_WARN_ENUM_CONVERSION = YES;
				CLANG_WARN_INFINITE_RECURSION = YES;
				CLANG_WARN_INT_CONVERSION = YES;
				CLANG_WARN_NON_LITERAL_NULL_CONVERSION = YES;
				CLANG_WARN_OBJC_IMPLICIT_RETAIN_SELF = YES;
				CLANG_WARN_OBJC_LITERAL_CONVERSION = YES;
				CLANG_WARN_OBJC_ROOT_CLASS = YES_ERROR;
				CLANG_WARN_RANGE_LOOP_ANALYSIS = YES;
				CLANG_WARN_STRICT_PROTOTYPES = YES;
				CLANG_WARN_SUSPICIOUS_MOVE = YES;
				CLANG_WARN_UNGUARDED_AVAILABILITY = YES_AGGRESSIVE;
				CLANG_WARN_UNREACHABLE_CODE = YES;
				CLANG_WARN__DUPLICATE_METHOD_MATCH = YES;
				CODE_SIGN_IDENTITY = "-";
				COPY_PHASE_STRIP = NO;
				DEBUG_INFORMATION_FORMAT = dwarf;
				ENABLE_STRICT_OBJC_MSGSEND = YES;
				ENABLE_TESTABILITY = YES;
				GCC_C_LANGUAGE_STANDARD = gnu11;
				GCC_DYNAMIC_NO_PIC = NO;
				GCC_NO_COMMON_BLOCKS = YES;
				GCC_OPTIMIZATION_LEVEL = 0;
				GCC_PREPROCESSOR_DEFINITIONS = (
					"DEBUG=1",
					"$(inherited)",
				);
				GCC_WARN_64_TO_32_BIT_CONVERSION = YES;
				GCC_WARN_ABOUT_RETURN_TYPE = YES_ERROR;
				GCC_WARN_UNDECLARED_SELECTOR = YES;
				GCC_WARN_UNINITIALIZED_AUTOS = YES_AGGRESSIVE;
				GCC_WARN_UNUSED_FUNCTION = YES;
				GCC_WARN_UNUSED_VARIABLE = YES;
				MACOSX_DEPLOYMENT_TARGET = 10.14;
				MTL_ENABLE_DEBUG_INFO = INCLUDE_SOURCE;
				MTL_FAST_MATH = YES;
				ONLY_ACTIVE_ARCH = YES;
				SDKROOT = macosx;
				SWIFT_ACTIVE_COMPILATION_CONDITIONS = DEBUG;
				SWIFT_OPTIMIZATION_LEVEL = "-Onone";
			};
			name = Debug;
		};
		664EB37E216C9A5F00B6AE0D /* Release */ = {
			isa = XCBuildConfiguration;
			buildSettings = {
				ALWAYS_SEARCH_USER_PATHS = NO;
				CLANG_ANALYZER_NONNULL = YES;
				CLANG_ANALYZER_NUMBER_OBJECT_CONVERSION = YES_AGGRESSIVE;
				CLANG_CXX_LANGUAGE_STANDARD = "gnu++14";
				CLANG_CXX_LIBRARY = "libc++";
				CLANG_ENABLE_MODULES = YES;
				CLANG_ENABLE_OBJC_ARC = YES;
				CLANG_ENABLE_OBJC_WEAK = YES;
				CLANG_WARN_BLOCK_CAPTURE_AUTORELEASING = YES;
				CLANG_WARN_BOOL_CONVERSION = YES;
				CLANG_WARN_COMMA = YES;
				CLANG_WARN_CONSTANT_CONVERSION = YES;
				CLANG_WARN_DEPRECATED_OBJC_IMPLEMENTATIONS = YES;
				CLANG_WARN_DIRECT_OBJC_ISA_USAGE = YES_ERROR;
				CLANG_WARN_DOCUMENTATION_COMMENTS = YES;
				CLANG_WARN_EMPTY_BODY = YES;
				CLANG_WARN_ENUM_CONVERSION = YES;
				CLANG_WARN_INFINITE_RECURSION = YES;
				CLANG_WARN_INT_CONVERSION = YES;
				CLANG_WARN_NON_LITERAL_NULL_CONVERSION = YES;
				CLANG_WARN_OBJC_IMPLICIT_RETAIN_SELF = YES;
				CLANG_WARN_OBJC_LITERAL_CONVERSION = YES;
				CLANG_WARN_OBJC_ROOT_CLASS = YES_ERROR;
				CLANG_WARN_RANGE_LOOP_ANALYSIS = YES;
				CLANG_WARN_STRICT_PROTOTYPES = YES;
				CLANG_WARN_SUSPICIOUS_MOVE = YES;
				CLANG_WARN_UNGUARDED_AVAILABILITY = YES_AGGRESSIVE;
				CLANG_WARN_UNREACHABLE_CODE = YES;
				CLANG_WARN__DUPLICATE_METHOD_MATCH = YES;
				CODE_SIGN_IDENTITY = "-";
				COPY_PHASE_STRIP = NO;
				DEBUG_INFORMATION_FORMAT = "dwarf-with-dsym";
				ENABLE_NS_ASSERTIONS = NO;
				ENABLE_STRICT_OBJC_MSGSEND = YES;
				GCC_C_LANGUAGE_STANDARD = gnu11;
				GCC_NO_COMMON_BLOCKS = YES;
				GCC_WARN_64_TO_32_BIT_CONVERSION = YES;
				GCC_WARN_ABOUT_RETURN_TYPE = YES_ERROR;
				GCC_WARN_UNDECLARED_SELECTOR = YES;
				GCC_WARN_UNINITIALIZED_AUTOS = YES_AGGRESSIVE;
				GCC_WARN_UNUSED_FUNCTION = YES;
				GCC_WARN_UNUSED_VARIABLE = YES;
				MACOSX_DEPLOYMENT_TARGET = 10.14;
				MTL_ENABLE_DEBUG_INFO = NO;
				MTL_FAST_MATH = YES;
				SDKROOT = macosx;
				SWIFT_COMPILATION_MODE = wholemodule;
				SWIFT_OPTIMIZATION_LEVEL = "-O";
			};
			name = Release;
		};
		664EB380216C9A5F00B6AE0D /* Debug */ = {
			isa = XCBuildConfiguration;
			buildSettings = {
				ASSETCATALOG_COMPILER_APPICON_NAME = AppIcon;
				CODE_SIGN_ENTITLEMENTS = V2rayU/V2rayU.entitlements;
				CODE_SIGN_STYLE = Automatic;
				COMBINE_HIDPI_IMAGES = YES;
				INFOPLIST_FILE = V2rayU/Info.plist;
				LD_RUNPATH_SEARCH_PATHS = (
					"$(inherited)",
					"@executable_path/../Frameworks",
				);
				PRODUCT_BUNDLE_IDENTIFIER = yanue.V2rayU;
				PRODUCT_NAME = "$(TARGET_NAME)";
				SWIFT_VERSION = 4.2;
			};
			name = Debug;
		};
		664EB381216C9A5F00B6AE0D /* Release */ = {
			isa = XCBuildConfiguration;
			buildSettings = {
				ASSETCATALOG_COMPILER_APPICON_NAME = AppIcon;
				CODE_SIGN_ENTITLEMENTS = V2rayU/V2rayU.entitlements;
				CODE_SIGN_STYLE = Automatic;
				COMBINE_HIDPI_IMAGES = YES;
				INFOPLIST_FILE = V2rayU/Info.plist;
				LD_RUNPATH_SEARCH_PATHS = (
					"$(inherited)",
					"@executable_path/../Frameworks",
				);
				PRODUCT_BUNDLE_IDENTIFIER = yanue.V2rayU;
				PRODUCT_NAME = "$(TARGET_NAME)";
				SWIFT_VERSION = 4.2;
			};
			name = Release;
		};
/* End XCBuildConfiguration section */

/* Begin XCConfigurationList section */
		664EB36C216C9A5E00B6AE0D /* Build configuration list for PBXProject "V2rayU" */ = {
			isa = XCConfigurationList;
			buildConfigurations = (
				664EB37D216C9A5F00B6AE0D /* Debug */,
				664EB37E216C9A5F00B6AE0D /* Release */,
			);
			defaultConfigurationIsVisible = 0;
			defaultConfigurationName = Release;
		};
		664EB37F216C9A5F00B6AE0D /* Build configuration list for PBXNativeTarget "V2rayU" */ = {
			isa = XCConfigurationList;
			buildConfigurations = (
				664EB380216C9A5F00B6AE0D /* Debug */,
				664EB381216C9A5F00B6AE0D /* Release */,
			);
			defaultConfigurationIsVisible = 0;
			defaultConfigurationName = Release;
		};
/* End XCConfigurationList section */
	};
	rootObject = 664EB369216C9A5E00B6AE0D /* Project object */;
}
